// !$*UTF8*$!
{
	archiveVersion = 1;
	classes = {
	};
	objectVersion = 55;
	objects = {

/* Begin PBXBuildFile section */
		6051045D27F72E0000AB9DEC /* AppDelegate.swift in Sources */ = {isa = PBXBuildFile; fileRef = 6051045C27F72E0000AB9DEC /* AppDelegate.swift */; };
		6051045F27F72E0000AB9DEC /* SceneDelegate.swift in Sources */ = {isa = PBXBuildFile; fileRef = 6051045E27F72E0000AB9DEC /* SceneDelegate.swift */; };
		6051046127F72E0000AB9DEC /* EnterPinViewController.swift in Sources */ = {isa = PBXBuildFile; fileRef = 6051046027F72E0000AB9DEC /* EnterPinViewController.swift */; };
		6051046727F72E0000AB9DEC /* Shukatsu_Tracker.xcdatamodeld in Sources */ = {isa = PBXBuildFile; fileRef = 6051046527F72E0000AB9DEC /* Shukatsu_Tracker.xcdatamodeld */; };
		6051046927F72E0200AB9DEC /* Assets.xcassets in Resources */ = {isa = PBXBuildFile; fileRef = 6051046827F72E0200AB9DEC /* Assets.xcassets */; };
		6051046C27F72E0200AB9DEC /* LaunchScreen.storyboard in Resources */ = {isa = PBXBuildFile; fileRef = 6051046A27F72E0200AB9DEC /* LaunchScreen.storyboard */; };
		6051047627F72F1900AB9DEC /* EnterPinView.swift in Sources */ = {isa = PBXBuildFile; fileRef = 6051047527F72F1900AB9DEC /* EnterPinView.swift */; };
		6051047A27F733BC00AB9DEC /* Lato-Light.ttf in Resources */ = {isa = PBXBuildFile; fileRef = 6051047927F733BC00AB9DEC /* Lato-Light.ttf */; };
		6051047C27F733C400AB9DEC /* Lato-Regular.ttf in Resources */ = {isa = PBXBuildFile; fileRef = 6051047B27F733C400AB9DEC /* Lato-Regular.ttf */; };
		6051047E27F733ED00AB9DEC /* Lato-Bold.ttf in Resources */ = {isa = PBXBuildFile; fileRef = 6051047D27F733ED00AB9DEC /* Lato-Bold.ttf */; };
		6051048027F733FD00AB9DEC /* Lato-Black.ttf in Resources */ = {isa = PBXBuildFile; fileRef = 6051047F27F733FD00AB9DEC /* Lato-Black.ttf */; };
		6051048227F9D7CA00AB9DEC /* PinTextFieldBox.swift in Sources */ = {isa = PBXBuildFile; fileRef = 6051048127F9D7CA00AB9DEC /* PinTextFieldBox.swift */; };
		6051048427F9DADB00AB9DEC /* circleButton.swift in Sources */ = {isa = PBXBuildFile; fileRef = 6051048327F9DADB00AB9DEC /* circleButton.swift */; };
		6051048627FAF11800AB9DEC /* HomeViewController.swift in Sources */ = {isa = PBXBuildFile; fileRef = 6051048527FAF11800AB9DEC /* HomeViewController.swift */; };
		6051048827FAF12800AB9DEC /* HomeView.swift in Sources */ = {isa = PBXBuildFile; fileRef = 6051048727FAF12800AB9DEC /* HomeView.swift */; };
		6051049027FC764200AB9DEC /* StatusButton.swift in Sources */ = {isa = PBXBuildFile; fileRef = 6051048F27FC764200AB9DEC /* StatusButton.swift */; };
		6051049227FCA10F00AB9DEC /* AllFavoritesButton.swift in Sources */ = {isa = PBXBuildFile; fileRef = 6051049127FCA10F00AB9DEC /* AllFavoritesButton.swift */; };
		6051049527FEEEE700AB9DEC /* Jobs.swift in Sources */ = {isa = PBXBuildFile; fileRef = 6051049427FEEEE700AB9DEC /* Jobs.swift */; };
		6051049727FF074300AB9DEC /* JobsCollectionViewCell.swift in Sources */ = {isa = PBXBuildFile; fileRef = 6051049627FF074300AB9DEC /* JobsCollectionViewCell.swift */; };
		6051049F2803388C00AB9DEC /* AddEditViewController.swift in Sources */ = {isa = PBXBuildFile; fileRef = 6051049E2803388C00AB9DEC /* AddEditViewController.swift */; };
		605104A1280338BC00AB9DEC /* AddEditView.swift in Sources */ = {isa = PBXBuildFile; fileRef = 605104A0280338BC00AB9DEC /* AddEditView.swift */; };
		605104A328033CE800AB9DEC /* JobDetailsViewController.swift in Sources */ = {isa = PBXBuildFile; fileRef = 605104A228033CE800AB9DEC /* JobDetailsViewController.swift */; };
		605104A528033D0D00AB9DEC /* JobDetailsView.swift in Sources */ = {isa = PBXBuildFile; fileRef = 605104A428033D0D00AB9DEC /* JobDetailsView.swift */; };
		605104A72803401000AB9DEC /* ProfileSettingsViewController.swift in Sources */ = {isa = PBXBuildFile; fileRef = 605104A62803401000AB9DEC /* ProfileSettingsViewController.swift */; };
		605104A92803402900AB9DEC /* ProfileSettingsView.swift in Sources */ = {isa = PBXBuildFile; fileRef = 605104A82803402900AB9DEC /* ProfileSettingsView.swift */; };
		605104AB2804148E00AB9DEC /* EditStatusButtonView.swift in Sources */ = {isa = PBXBuildFile; fileRef = 605104AA2804148D00AB9DEC /* EditStatusButtonView.swift */; };
		605104AD28041D9E00AB9DEC /* LabelAndTextField.swift in Sources */ = {isa = PBXBuildFile; fileRef = 605104AC28041D9E00AB9DEC /* LabelAndTextField.swift */; };
		605104B028044E9D00AB9DEC /* EditStatusButton.swift in Sources */ = {isa = PBXBuildFile; fileRef = 605104AF28044E9D00AB9DEC /* EditStatusButton.swift */; };
		6051AAF9280C7251002E9CF6 /* TitleContentLabelsView.swift in Sources */ = {isa = PBXBuildFile; fileRef = 6051AAF8280C7251002E9CF6 /* TitleContentLabelsView.swift */; };
		6051AAFB280D6889002E9CF6 /* TitleLinkView.swift in Sources */ = {isa = PBXBuildFile; fileRef = 6051AAFA280D6889002E9CF6 /* TitleLinkView.swift */; };
		6E9CCFD8C39DD73E90C206E4 /* Pods_Shukatsu_Tracker.framework in Frameworks */ = {isa = PBXBuildFile; fileRef = 352A172C0383833A0649C591 /* Pods_Shukatsu_Tracker.framework */; };
/* End PBXBuildFile section */

/* Begin PBXFileReference section */
		352A172C0383833A0649C591 /* Pods_Shukatsu_Tracker.framework */ = {isa = PBXFileReference; explicitFileType = wrapper.framework; includeInIndex = 0; path = Pods_Shukatsu_Tracker.framework; sourceTree = BUILT_PRODUCTS_DIR; };
		6051045927F72E0000AB9DEC /* Shukatsu Tracker.app */ = {isa = PBXFileReference; explicitFileType = wrapper.application; includeInIndex = 0; path = "Shukatsu Tracker.app"; sourceTree = BUILT_PRODUCTS_DIR; };
		6051045C27F72E0000AB9DEC /* AppDelegate.swift */ = {isa = PBXFileReference; lastKnownFileType = sourcecode.swift; path = AppDelegate.swift; sourceTree = "<group>"; };
		6051045E27F72E0000AB9DEC /* SceneDelegate.swift */ = {isa = PBXFileReference; lastKnownFileType = sourcecode.swift; path = SceneDelegate.swift; sourceTree = "<group>"; };
		6051046027F72E0000AB9DEC /* EnterPinViewController.swift */ = {isa = PBXFileReference; lastKnownFileType = sourcecode.swift; path = EnterPinViewController.swift; sourceTree = "<group>"; };
		6051046627F72E0000AB9DEC /* Shukatsu_Tracker.xcdatamodel */ = {isa = PBXFileReference; lastKnownFileType = wrapper.xcdatamodel; path = Shukatsu_Tracker.xcdatamodel; sourceTree = "<group>"; };
		6051046827F72E0200AB9DEC /* Assets.xcassets */ = {isa = PBXFileReference; lastKnownFileType = folder.assetcatalog; path = Assets.xcassets; sourceTree = "<group>"; };
		6051046B27F72E0200AB9DEC /* Base */ = {isa = PBXFileReference; lastKnownFileType = file.storyboard; name = Base; path = Base.lproj/LaunchScreen.storyboard; sourceTree = "<group>"; };
		6051046D27F72E0200AB9DEC /* Info.plist */ = {isa = PBXFileReference; lastKnownFileType = text.plist.xml; path = Info.plist; sourceTree = "<group>"; };
		6051047527F72F1900AB9DEC /* EnterPinView.swift */ = {isa = PBXFileReference; lastKnownFileType = sourcecode.swift; path = EnterPinView.swift; sourceTree = "<group>"; };
		6051047927F733BC00AB9DEC /* Lato-Light.ttf */ = {isa = PBXFileReference; lastKnownFileType = file; path = "Lato-Light.ttf"; sourceTree = "<group>"; };
		6051047B27F733C400AB9DEC /* Lato-Regular.ttf */ = {isa = PBXFileReference; lastKnownFileType = file; path = "Lato-Regular.ttf"; sourceTree = "<group>"; };
		6051047D27F733ED00AB9DEC /* Lato-Bold.ttf */ = {isa = PBXFileReference; lastKnownFileType = file; path = "Lato-Bold.ttf"; sourceTree = "<group>"; };
		6051047F27F733FD00AB9DEC /* Lato-Black.ttf */ = {isa = PBXFileReference; lastKnownFileType = file; path = "Lato-Black.ttf"; sourceTree = "<group>"; };
		6051048127F9D7CA00AB9DEC /* PinTextFieldBox.swift */ = {isa = PBXFileReference; lastKnownFileType = sourcecode.swift; path = PinTextFieldBox.swift; sourceTree = "<group>"; };
		6051048327F9DADB00AB9DEC /* circleButton.swift */ = {isa = PBXFileReference; lastKnownFileType = sourcecode.swift; path = circleButton.swift; sourceTree = "<group>"; };
		6051048527FAF11800AB9DEC /* HomeViewController.swift */ = {isa = PBXFileReference; lastKnownFileType = sourcecode.swift; path = HomeViewController.swift; sourceTree = "<group>"; };
		6051048727FAF12800AB9DEC /* HomeView.swift */ = {isa = PBXFileReference; lastKnownFileType = sourcecode.swift; path = HomeView.swift; sourceTree = "<group>"; };
		6051048F27FC764200AB9DEC /* StatusButton.swift */ = {isa = PBXFileReference; lastKnownFileType = sourcecode.swift; path = StatusButton.swift; sourceTree = "<group>"; };
		6051049127FCA10F00AB9DEC /* AllFavoritesButton.swift */ = {isa = PBXFileReference; lastKnownFileType = sourcecode.swift; path = AllFavoritesButton.swift; sourceTree = "<group>"; };
		6051049427FEEEE700AB9DEC /* Jobs.swift */ = {isa = PBXFileReference; lastKnownFileType = sourcecode.swift; path = Jobs.swift; sourceTree = "<group>"; };
		6051049627FF074300AB9DEC /* JobsCollectionViewCell.swift */ = {isa = PBXFileReference; lastKnownFileType = sourcecode.swift; path = JobsCollectionViewCell.swift; sourceTree = "<group>"; };
		6051049E2803388C00AB9DEC /* AddEditViewController.swift */ = {isa = PBXFileReference; lastKnownFileType = sourcecode.swift; path = AddEditViewController.swift; sourceTree = "<group>"; };
		605104A0280338BC00AB9DEC /* AddEditView.swift */ = {isa = PBXFileReference; lastKnownFileType = sourcecode.swift; path = AddEditView.swift; sourceTree = "<group>"; };
		605104A228033CE800AB9DEC /* JobDetailsViewController.swift */ = {isa = PBXFileReference; lastKnownFileType = sourcecode.swift; path = JobDetailsViewController.swift; sourceTree = "<group>"; };
		605104A428033D0D00AB9DEC /* JobDetailsView.swift */ = {isa = PBXFileReference; lastKnownFileType = sourcecode.swift; path = JobDetailsView.swift; sourceTree = "<group>"; };
		605104A62803401000AB9DEC /* ProfileSettingsViewController.swift */ = {isa = PBXFileReference; lastKnownFileType = sourcecode.swift; path = ProfileSettingsViewController.swift; sourceTree = "<group>"; };
		605104A82803402900AB9DEC /* ProfileSettingsView.swift */ = {isa = PBXFileReference; lastKnownFileType = sourcecode.swift; path = ProfileSettingsView.swift; sourceTree = "<group>"; };
		605104AA2804148D00AB9DEC /* EditStatusButtonView.swift */ = {isa = PBXFileReference; lastKnownFileType = sourcecode.swift; path = EditStatusButtonView.swift; sourceTree = "<group>"; };
		605104AC28041D9E00AB9DEC /* LabelAndTextField.swift */ = {isa = PBXFileReference; lastKnownFileType = sourcecode.swift; path = LabelAndTextField.swift; sourceTree = "<group>"; };
		605104AF28044E9D00AB9DEC /* EditStatusButton.swift */ = {isa = PBXFileReference; lastKnownFileType = sourcecode.swift; path = EditStatusButton.swift; sourceTree = "<group>"; };
		6051AAF8280C7251002E9CF6 /* TitleContentLabelsView.swift */ = {isa = PBXFileReference; lastKnownFileType = sourcecode.swift; path = TitleContentLabelsView.swift; sourceTree = "<group>"; };
		6051AAFA280D6889002E9CF6 /* TitleLinkView.swift */ = {isa = PBXFileReference; lastKnownFileType = sourcecode.swift; path = TitleLinkView.swift; sourceTree = "<group>"; };
		89BE5B31226051AC8560A03B /* Pods-Shukatsu Tracker.debug.xcconfig */ = {isa = PBXFileReference; includeInIndex = 1; lastKnownFileType = text.xcconfig; name = "Pods-Shukatsu Tracker.debug.xcconfig"; path = "Target Support Files/Pods-Shukatsu Tracker/Pods-Shukatsu Tracker.debug.xcconfig"; sourceTree = "<group>"; };
		DEC286EBCDACB6706F13477E /* Pods-Shukatsu Tracker.release.xcconfig */ = {isa = PBXFileReference; includeInIndex = 1; lastKnownFileType = text.xcconfig; name = "Pods-Shukatsu Tracker.release.xcconfig"; path = "Target Support Files/Pods-Shukatsu Tracker/Pods-Shukatsu Tracker.release.xcconfig"; sourceTree = "<group>"; };
/* End PBXFileReference section */

/* Begin PBXFrameworksBuildPhase section */
		6051045627F72E0000AB9DEC /* Frameworks */ = {
			isa = PBXFrameworksBuildPhase;
			buildActionMask = 2147483647;
			files = (
				6E9CCFD8C39DD73E90C206E4 /* Pods_Shukatsu_Tracker.framework in Frameworks */,
			);
			runOnlyForDeploymentPostprocessing = 0;
		};
/* End PBXFrameworksBuildPhase section */

/* Begin PBXGroup section */
		2EA1569D205A9774046C8712 /* Frameworks */ = {
			isa = PBXGroup;
			children = (
				352A172C0383833A0649C591 /* Pods_Shukatsu_Tracker.framework */,
			);
			name = Frameworks;
			sourceTree = "<group>";
		};
		4E28C81884B3F4A76A058A4B /* Pods */ = {
			isa = PBXGroup;
			children = (
				89BE5B31226051AC8560A03B /* Pods-Shukatsu Tracker.debug.xcconfig */,
				DEC286EBCDACB6706F13477E /* Pods-Shukatsu Tracker.release.xcconfig */,
			);
			path = Pods;
			sourceTree = "<group>";
		};
		6051045027F72E0000AB9DEC = {
			isa = PBXGroup;
			children = (
				6051045B27F72E0000AB9DEC /* Shukatsu Tracker */,
				6051045A27F72E0000AB9DEC /* Products */,
				4E28C81884B3F4A76A058A4B /* Pods */,
				2EA1569D205A9774046C8712 /* Frameworks */,
			);
			sourceTree = "<group>";
		};
		6051045A27F72E0000AB9DEC /* Products */ = {
			isa = PBXGroup;
			children = (
				6051045927F72E0000AB9DEC /* Shukatsu Tracker.app */,
			);
			name = Products;
			sourceTree = "<group>";
		};
		6051045B27F72E0000AB9DEC /* Shukatsu Tracker */ = {
			isa = PBXGroup;
			children = (
				6051047727F7338F00AB9DEC /* Fonts */,
				6051049327FEEEBD00AB9DEC /* Model */,
				6051047427F72EDE00AB9DEC /* View */,
				6051047327F72EC900AB9DEC /* Controller */,
				6051045C27F72E0000AB9DEC /* AppDelegate.swift */,
				6051045E27F72E0000AB9DEC /* SceneDelegate.swift */,
				6051046827F72E0200AB9DEC /* Assets.xcassets */,
				6051046D27F72E0200AB9DEC /* Info.plist */,
				6051046527F72E0000AB9DEC /* Shukatsu_Tracker.xcdatamodeld */,
			);
			path = "Shukatsu Tracker";
			sourceTree = "<group>";
		};
		6051047327F72EC900AB9DEC /* Controller */ = {
			isa = PBXGroup;
			children = (
				6051046027F72E0000AB9DEC /* EnterPinViewController.swift */,
				6051048527FAF11800AB9DEC /* HomeViewController.swift */,
				6051049E2803388C00AB9DEC /* AddEditViewController.swift */,
				605104A228033CE800AB9DEC /* JobDetailsViewController.swift */,
				605104A62803401000AB9DEC /* ProfileSettingsViewController.swift */,
			);
			path = Controller;
			sourceTree = "<group>";
		};
		6051047427F72EDE00AB9DEC /* View */ = {
			isa = PBXGroup;
			children = (
				6051046A27F72E0200AB9DEC /* LaunchScreen.storyboard */,
				605104AE28041DB200AB9DEC /* ViewsForController */,
				6051048127F9D7CA00AB9DEC /* PinTextFieldBox.swift */,
				6051048327F9DADB00AB9DEC /* circleButton.swift */,
				6051048F27FC764200AB9DEC /* StatusButton.swift */,
				6051049127FCA10F00AB9DEC /* AllFavoritesButton.swift */,
				6051049627FF074300AB9DEC /* JobsCollectionViewCell.swift */,
				605104AF28044E9D00AB9DEC /* EditStatusButton.swift */,
				605104AA2804148D00AB9DEC /* EditStatusButtonView.swift */,
				605104AC28041D9E00AB9DEC /* LabelAndTextField.swift */,
				6051AAF8280C7251002E9CF6 /* TitleContentLabelsView.swift */,
				6051AAFA280D6889002E9CF6 /* TitleLinkView.swift */,
			);
			path = View;
			sourceTree = "<group>";
		};
		6051047727F7338F00AB9DEC /* Fonts */ = {
			isa = PBXGroup;
			children = (
				6051047827F7339B00AB9DEC /* Lato */,
			);
			path = Fonts;
			sourceTree = "<group>";
		};
		6051047827F7339B00AB9DEC /* Lato */ = {
			isa = PBXGroup;
			children = (
				6051047927F733BC00AB9DEC /* Lato-Light.ttf */,
				6051047B27F733C400AB9DEC /* Lato-Regular.ttf */,
				6051047D27F733ED00AB9DEC /* Lato-Bold.ttf */,
				6051047F27F733FD00AB9DEC /* Lato-Black.ttf */,
			);
			path = Lato;
			sourceTree = "<group>";
		};
		6051049327FEEEBD00AB9DEC /* Model */ = {
			isa = PBXGroup;
			children = (
				6051049427FEEEE700AB9DEC /* Jobs.swift */,
			);
			path = Model;
			sourceTree = "<group>";
		};
		605104AE28041DB200AB9DEC /* ViewsForController */ = {
			isa = PBXGroup;
			children = (
				6051047527F72F1900AB9DEC /* EnterPinView.swift */,
				6051048727FAF12800AB9DEC /* HomeView.swift */,
				605104A0280338BC00AB9DEC /* AddEditView.swift */,
				605104A428033D0D00AB9DEC /* JobDetailsView.swift */,
				605104A82803402900AB9DEC /* ProfileSettingsView.swift */,
			);
			path = ViewsForController;
			sourceTree = "<group>";
		};
/* End PBXGroup section */

/* Begin PBXNativeTarget section */
		6051045827F72E0000AB9DEC /* Shukatsu Tracker */ = {
			isa = PBXNativeTarget;
			buildConfigurationList = 6051047027F72E0200AB9DEC /* Build configuration list for PBXNativeTarget "Shukatsu Tracker" */;
			buildPhases = (
				4485C88C89FB726695C79F75 /* [CP] Check Pods Manifest.lock */,
				6051045527F72E0000AB9DEC /* Sources */,
				6051045627F72E0000AB9DEC /* Frameworks */,
				6051045727F72E0000AB9DEC /* Resources */,
				D9BFF02109B08E15B2DFDCB6 /* [CP] Embed Pods Frameworks */,
			);
			buildRules = (
			);
			dependencies = (
			);
			name = "Shukatsu Tracker";
			productName = "Shukatsu Tracker";
			productReference = 6051045927F72E0000AB9DEC /* Shukatsu Tracker.app */;
			productType = "com.apple.product-type.application";
		};
/* End PBXNativeTarget section */

/* Begin PBXProject section */
		6051045127F72E0000AB9DEC /* Project object */ = {
			isa = PBXProject;
			attributes = {
				BuildIndependentTargetsInParallel = 1;
				LastSwiftUpdateCheck = 1330;
				LastUpgradeCheck = 1330;
				TargetAttributes = {
					6051045827F72E0000AB9DEC = {
						CreatedOnToolsVersion = 13.3;
					};
				};
			};
			buildConfigurationList = 6051045427F72E0000AB9DEC /* Build configuration list for PBXProject "Shukatsu Tracker" */;
			compatibilityVersion = "Xcode 13.0";
			developmentRegion = en;
			hasScannedForEncodings = 0;
			knownRegions = (
				en,
				Base,
			);
			mainGroup = 6051045027F72E0000AB9DEC;
			productRefGroup = 6051045A27F72E0000AB9DEC /* Products */;
			projectDirPath = "";
			projectRoot = "";
			targets = (
				6051045827F72E0000AB9DEC /* Shukatsu Tracker */,
			);
		};
/* End PBXProject section */

/* Begin PBXResourcesBuildPhase section */
		6051045727F72E0000AB9DEC /* Resources */ = {
			isa = PBXResourcesBuildPhase;
			buildActionMask = 2147483647;
			files = (
				6051047A27F733BC00AB9DEC /* Lato-Light.ttf in Resources */,
				6051047E27F733ED00AB9DEC /* Lato-Bold.ttf in Resources */,
				6051046C27F72E0200AB9DEC /* LaunchScreen.storyboard in Resources */,
				6051046927F72E0200AB9DEC /* Assets.xcassets in Resources */,
				6051048027F733FD00AB9DEC /* Lato-Black.ttf in Resources */,
				6051047C27F733C400AB9DEC /* Lato-Regular.ttf in Resources */,
			);
			runOnlyForDeploymentPostprocessing = 0;
		};
/* End PBXResourcesBuildPhase section */

/* Begin PBXShellScriptBuildPhase section */
		4485C88C89FB726695C79F75 /* [CP] Check Pods Manifest.lock */ = {
			isa = PBXShellScriptBuildPhase;
			buildActionMask = 2147483647;
			files = (
			);
			inputFileListPaths = (
			);
			inputPaths = (
				"${PODS_PODFILE_DIR_PATH}/Podfile.lock",
				"${PODS_ROOT}/Manifest.lock",
			);
			name = "[CP] Check Pods Manifest.lock";
			outputFileListPaths = (
			);
			outputPaths = (
				"$(DERIVED_FILE_DIR)/Pods-Shukatsu Tracker-checkManifestLockResult.txt",
			);
			runOnlyForDeploymentPostprocessing = 0;
			shellPath = /bin/sh;
			shellScript = "diff \"${PODS_PODFILE_DIR_PATH}/Podfile.lock\" \"${PODS_ROOT}/Manifest.lock\" > /dev/null\nif [ $? != 0 ] ; then\n    # print error to STDERR\n    echo \"error: The sandbox is not in sync with the Podfile.lock. Run 'pod install' or update your CocoaPods installation.\" >&2\n    exit 1\nfi\n# This output is used by Xcode 'outputs' to avoid re-running this script phase.\necho \"SUCCESS\" > \"${SCRIPT_OUTPUT_FILE_0}\"\n";
			showEnvVarsInLog = 0;
		};
		D9BFF02109B08E15B2DFDCB6 /* [CP] Embed Pods Frameworks */ = {
			isa = PBXShellScriptBuildPhase;
			buildActionMask = 2147483647;
			files = (
			);
			inputFileListPaths = (
				"${PODS_ROOT}/Target Support Files/Pods-Shukatsu Tracker/Pods-Shukatsu Tracker-frameworks-${CONFIGURATION}-input-files.xcfilelist",
			);
			name = "[CP] Embed Pods Frameworks";
			outputFileListPaths = (
				"${PODS_ROOT}/Target Support Files/Pods-Shukatsu Tracker/Pods-Shukatsu Tracker-frameworks-${CONFIGURATION}-output-files.xcfilelist",
			);
			runOnlyForDeploymentPostprocessing = 0;
			shellPath = /bin/sh;
			shellScript = "\"${PODS_ROOT}/Target Support Files/Pods-Shukatsu Tracker/Pods-Shukatsu Tracker-frameworks.sh\"\n";
			showEnvVarsInLog = 0;
		};
/* End PBXShellScriptBuildPhase section */

/* Begin PBXSourcesBuildPhase section */
		6051045527F72E0000AB9DEC /* Sources */ = {
			isa = PBXSourcesBuildPhase;
			buildActionMask = 2147483647;
			files = (
				6051048827FAF12800AB9DEC /* HomeView.swift in Sources */,
				605104B028044E9D00AB9DEC /* EditStatusButton.swift in Sources */,
				6051AAF9280C7251002E9CF6 /* TitleContentLabelsView.swift in Sources */,
				605104A72803401000AB9DEC /* ProfileSettingsViewController.swift in Sources */,
				6051048427F9DADB00AB9DEC /* circleButton.swift in Sources */,
				6051047627F72F1900AB9DEC /* EnterPinView.swift in Sources */,
				605104A92803402900AB9DEC /* ProfileSettingsView.swift in Sources */,
				605104A1280338BC00AB9DEC /* AddEditView.swift in Sources */,
				6051049527FEEEE700AB9DEC /* Jobs.swift in Sources */,
				6051AAFB280D6889002E9CF6 /* TitleLinkView.swift in Sources */,
				6051046727F72E0000AB9DEC /* Shukatsu_Tracker.xcdatamodeld in Sources */,
				6051049727FF074300AB9DEC /* JobsCollectionViewCell.swift in Sources */,
				6051048627FAF11800AB9DEC /* HomeViewController.swift in Sources */,
				6051046127F72E0000AB9DEC /* EnterPinViewController.swift in Sources */,
				605104A328033CE800AB9DEC /* JobDetailsViewController.swift in Sources */,
				605104AB2804148E00AB9DEC /* EditStatusButtonView.swift in Sources */,
				605104AD28041D9E00AB9DEC /* LabelAndTextField.swift in Sources */,
				605104A528033D0D00AB9DEC /* JobDetailsView.swift in Sources */,
				6051049F2803388C00AB9DEC /* AddEditViewController.swift in Sources */,
				6051048227F9D7CA00AB9DEC /* PinTextFieldBox.swift in Sources */,
				6051045D27F72E0000AB9DEC /* AppDelegate.swift in Sources */,
				6051049227FCA10F00AB9DEC /* AllFavoritesButton.swift in Sources */,
				6051049027FC764200AB9DEC /* StatusButton.swift in Sources */,
				6051045F27F72E0000AB9DEC /* SceneDelegate.swift in Sources */,
			);
			runOnlyForDeploymentPostprocessing = 0;
		};
/* End PBXSourcesBuildPhase section */

/* Begin PBXVariantGroup section */
		6051046A27F72E0200AB9DEC /* LaunchScreen.storyboard */ = {
			isa = PBXVariantGroup;
			children = (
				6051046B27F72E0200AB9DEC /* Base */,
			);
			name = LaunchScreen.storyboard;
			sourceTree = "<group>";
		};
/* End PBXVariantGroup section */

/* Begin XCBuildConfiguration section */
		6051046E27F72E0200AB9DEC /* Debug */ = {
			isa = XCBuildConfiguration;
			buildSettings = {
				ALWAYS_SEARCH_USER_PATHS = NO;
				CLANG_ANALYZER_NONNULL = YES;
				CLANG_ANALYZER_NUMBER_OBJECT_CONVERSION = YES_AGGRESSIVE;
				CLANG_CXX_LANGUAGE_STANDARD = "gnu++17";
				CLANG_ENABLE_MODULES = YES;
				CLANG_ENABLE_OBJC_ARC = YES;
				CLANG_ENABLE_OBJC_WEAK = YES;
				CLANG_WARN_BLOCK_CAPTURE_AUTORELEASING = YES;
				CLANG_WARN_BOOL_CONVERSION = YES;
				CLANG_WARN_COMMA = YES;
				CLANG_WARN_CONSTANT_CONVERSION = YES;
				CLANG_WARN_DEPRECATED_OBJC_IMPLEMENTATIONS = YES;
				CLANG_WARN_DIRECT_OBJC_ISA_USAGE = YES_ERROR;
				CLANG_WARN_DOCUMENTATION_COMMENTS = YES;
				CLANG_WARN_EMPTY_BODY = YES;
				CLANG_WARN_ENUM_CONVERSION = YES;
				CLANG_WARN_INFINITE_RECURSION = YES;
				CLANG_WARN_INT_CONVERSION = YES;
				CLANG_WARN_NON_LITERAL_NULL_CONVERSION = YES;
				CLANG_WARN_OBJC_IMPLICIT_RETAIN_SELF = YES;
				CLANG_WARN_OBJC_LITERAL_CONVERSION = YES;
				CLANG_WARN_OBJC_ROOT_CLASS = YES_ERROR;
				CLANG_WARN_QUOTED_INCLUDE_IN_FRAMEWORK_HEADER = YES;
				CLANG_WARN_RANGE_LOOP_ANALYSIS = YES;
				CLANG_WARN_STRICT_PROTOTYPES = YES;
				CLANG_WARN_SUSPICIOUS_MOVE = YES;
				CLANG_WARN_UNGUARDED_AVAILABILITY = YES_AGGRESSIVE;
				CLANG_WARN_UNREACHABLE_CODE = YES;
				CLANG_WARN__DUPLICATE_METHOD_MATCH = YES;
				COPY_PHASE_STRIP = NO;
				DEBUG_INFORMATION_FORMAT = dwarf;
				ENABLE_STRICT_OBJC_MSGSEND = YES;
				ENABLE_TESTABILITY = YES;
				GCC_C_LANGUAGE_STANDARD = gnu11;
				GCC_DYNAMIC_NO_PIC = NO;
				GCC_NO_COMMON_BLOCKS = YES;
				GCC_OPTIMIZATION_LEVEL = 0;
				GCC_PREPROCESSOR_DEFINITIONS = (
					"DEBUG=1",
					"$(inherited)",
				);
				GCC_WARN_64_TO_32_BIT_CONVERSION = YES;
				GCC_WARN_ABOUT_RETURN_TYPE = YES_ERROR;
				GCC_WARN_UNDECLARED_SELECTOR = YES;
				GCC_WARN_UNINITIALIZED_AUTOS = YES_AGGRESSIVE;
				GCC_WARN_UNUSED_FUNCTION = YES;
				GCC_WARN_UNUSED_VARIABLE = YES;
				IPHONEOS_DEPLOYMENT_TARGET = 15.4;
				MTL_ENABLE_DEBUG_INFO = INCLUDE_SOURCE;
				MTL_FAST_MATH = YES;
				ONLY_ACTIVE_ARCH = YES;
				SDKROOT = iphoneos;
				SWIFT_ACTIVE_COMPILATION_CONDITIONS = DEBUG;
				SWIFT_OPTIMIZATION_LEVEL = "-Onone";
			};
			name = Debug;
		};
		6051046F27F72E0200AB9DEC /* Release */ = {
			isa = XCBuildConfiguration;
			buildSettings = {
				ALWAYS_SEARCH_USER_PATHS = NO;
				CLANG_ANALYZER_NONNULL = YES;
				CLANG_ANALYZER_NUMBER_OBJECT_CONVERSION = YES_AGGRESSIVE;
				CLANG_CXX_LANGUAGE_STANDARD = "gnu++17";
				CLANG_ENABLE_MODULES = YES;
				CLANG_ENABLE_OBJC_ARC = YES;
				CLANG_ENABLE_OBJC_WEAK = YES;
				CLANG_WARN_BLOCK_CAPTURE_AUTORELEASING = YES;
				CLANG_WARN_BOOL_CONVERSION = YES;
				CLANG_WARN_COMMA = YES;
				CLANG_WARN_CONSTANT_CONVERSION = YES;
				CLANG_WARN_DEPRECATED_OBJC_IMPLEMENTATIONS = YES;
				CLANG_WARN_DIRECT_OBJC_ISA_USAGE = YES_ERROR;
				CLANG_WARN_DOCUMENTATION_COMMENTS = YES;
				CLANG_WARN_EMPTY_BODY = YES;
				CLANG_WARN_ENUM_CONVERSION = YES;
				CLANG_WARN_INFINITE_RECURSION = YES;
				CLANG_WARN_INT_CONVERSION = YES;
				CLANG_WARN_NON_LITERAL_NULL_CONVERSION = YES;
				CLANG_WARN_OBJC_IMPLICIT_RETAIN_SELF = YES;
				CLANG_WARN_OBJC_LITERAL_CONVERSION = YES;
				CLANG_WARN_OBJC_ROOT_CLASS = YES_ERROR;
				CLANG_WARN_QUOTED_INCLUDE_IN_FRAMEWORK_HEADER = YES;
				CLANG_WARN_RANGE_LOOP_ANALYSIS = YES;
				CLANG_WARN_STRICT_PROTOTYPES = YES;
				CLANG_WARN_SUSPICIOUS_MOVE = YES;
				CLANG_WARN_UNGUARDED_AVAILABILITY = YES_AGGRESSIVE;
				CLANG_WARN_UNREACHABLE_CODE = YES;
				CLANG_WARN__DUPLICATE_METHOD_MATCH = YES;
				COPY_PHASE_STRIP = NO;
				DEBUG_INFORMATION_FORMAT = "dwarf-with-dsym";
				ENABLE_NS_ASSERTIONS = NO;
				ENABLE_STRICT_OBJC_MSGSEND = YES;
				GCC_C_LANGUAGE_STANDARD = gnu11;
				GCC_NO_COMMON_BLOCKS = YES;
				GCC_WARN_64_TO_32_BIT_CONVERSION = YES;
				GCC_WARN_ABOUT_RETURN_TYPE = YES_ERROR;
				GCC_WARN_UNDECLARED_SELECTOR = YES;
				GCC_WARN_UNINITIALIZED_AUTOS = YES_AGGRESSIVE;
				GCC_WARN_UNUSED_FUNCTION = YES;
				GCC_WARN_UNUSED_VARIABLE = YES;
				IPHONEOS_DEPLOYMENT_TARGET = 15.4;
				MTL_ENABLE_DEBUG_INFO = NO;
				MTL_FAST_MATH = YES;
				SDKROOT = iphoneos;
				SWIFT_COMPILATION_MODE = wholemodule;
				SWIFT_OPTIMIZATION_LEVEL = "-O";
				VALIDATE_PRODUCT = YES;
			};
			name = Release;
		};
		6051047127F72E0200AB9DEC /* Debug */ = {
			isa = XCBuildConfiguration;
			baseConfigurationReference = 89BE5B31226051AC8560A03B /* Pods-Shukatsu Tracker.debug.xcconfig */;
			buildSettings = {
				ASSETCATALOG_COMPILER_APPICON_NAME = AppIcon;
				ASSETCATALOG_COMPILER_GLOBAL_ACCENT_COLOR_NAME = AccentColor;
				CODE_SIGN_STYLE = Automatic;
				CURRENT_PROJECT_VERSION = 1;
				DEVELOPMENT_TEAM = XX56C8Q5GR;
				GENERATE_INFOPLIST_FILE = YES;
				INFOPLIST_FILE = "Shukatsu Tracker/Info.plist";
				INFOPLIST_KEY_UIApplicationSupportsIndirectInputEvents = YES;
				INFOPLIST_KEY_UILaunchStoryboardName = LaunchScreen;
				INFOPLIST_KEY_UISupportedInterfaceOrientations_iPad = "UIInterfaceOrientationPortrait UIInterfaceOrientationPortraitUpsideDown UIInterfaceOrientationLandscapeLeft UIInterfaceOrientationLandscapeRight";
				INFOPLIST_KEY_UISupportedInterfaceOrientations_iPhone = "UIInterfaceOrientationPortrait UIInterfaceOrientationLandscapeLeft UIInterfaceOrientationLandscapeRight";
				LD_RUNPATH_SEARCH_PATHS = (
					"$(inherited)",
					"@executable_path/Frameworks",
				);
				MARKETING_VERSION = 1.0;
				PRODUCT_BUNDLE_IDENTIFIER = "com.moetstein.Shukatsu-Tracker";
				PRODUCT_NAME = "$(TARGET_NAME)";
				SWIFT_EMIT_LOC_STRINGS = YES;
				SWIFT_VERSION = 5.0;
				TARGETED_DEVICE_FAMILY = "1,2";
			};
			name = Debug;
		};
		6051047227F72E0200AB9DEC /* Release */ = {
			isa = XCBuildConfiguration;
			baseConfigurationReference = DEC286EBCDACB6706F13477E /* Pods-Shukatsu Tracker.release.xcconfig */;
			buildSettings = {
				ASSETCATALOG_COMPILER_APPICON_NAME = AppIcon;
				ASSETCATALOG_COMPILER_GLOBAL_ACCENT_COLOR_NAME = AccentColor;
				CODE_SIGN_STYLE = Automatic;
				CURRENT_PROJECT_VERSION = 1;
				DEVELOPMENT_TEAM = XX56C8Q5GR;
				GENERATE_INFOPLIST_FILE = YES;
				INFOPLIST_FILE = "Shukatsu Tracker/Info.plist";
				INFOPLIST_KEY_UIApplicationSupportsIndirectInputEvents = YES;
				INFOPLIST_KEY_UILaunchStoryboardName = LaunchScreen;
				INFOPLIST_KEY_UISupportedInterfaceOrientations_iPad = "UIInterfaceOrientationPortrait UIInterfaceOrientationPortraitUpsideDown UIInterfaceOrientationLandscapeLeft UIInterfaceOrientationLandscapeRight";
				INFOPLIST_KEY_UISupportedInterfaceOrientations_iPhone = "UIInterfaceOrientationPortrait UIInterfaceOrientationLandscapeLeft UIInterfaceOrientationLandscapeRight";
				LD_RUNPATH_SEARCH_PATHS = (
					"$(inherited)",
					"@executable_path/Frameworks",
				);
				MARKETING_VERSION = 1.0;
				PRODUCT_BUNDLE_IDENTIFIER = "com.moetstein.Shukatsu-Tracker";
				PRODUCT_NAME = "$(TARGET_NAME)";
				SWIFT_EMIT_LOC_STRINGS = YES;
				SWIFT_VERSION = 5.0;
				TARGETED_DEVICE_FAMILY = "1,2";
			};
			name = Release;
		};
/* End XCBuildConfiguration section */

/* Begin XCConfigurationList section */
		6051045427F72E0000AB9DEC /* Build configuration list for PBXProject "Shukatsu Tracker" */ = {
			isa = XCConfigurationList;
			buildConfigurations = (
				6051046E27F72E0200AB9DEC /* Debug */,
				6051046F27F72E0200AB9DEC /* Release */,
			);
			defaultConfigurationIsVisible = 0;
			defaultConfigurationName = Release;
		};
		6051047027F72E0200AB9DEC /* Build configuration list for PBXNativeTarget "Shukatsu Tracker" */ = {
			isa = XCConfigurationList;
			buildConfigurations = (
				6051047127F72E0200AB9DEC /* Debug */,
				6051047227F72E0200AB9DEC /* Release */,
			);
			defaultConfigurationIsVisible = 0;
			defaultConfigurationName = Release;
		};
/* End XCConfigurationList section */

/* Begin XCVersionGroup section */
		6051046527F72E0000AB9DEC /* Shukatsu_Tracker.xcdatamodeld */ = {
			isa = XCVersionGroup;
			children = (
				6051046627F72E0000AB9DEC /* Shukatsu_Tracker.xcdatamodel */,
			);
			currentVersion = 6051046627F72E0000AB9DEC /* Shukatsu_Tracker.xcdatamodel */;
			path = Shukatsu_Tracker.xcdatamodeld;
			sourceTree = "<group>";
			versionGroupType = wrapper.xcdatamodel;
		};
/* End XCVersionGroup section */
	};
	rootObject = 6051045127F72E0000AB9DEC /* Project object */;
}
